
Microsoft Visual Studio Solution File, Format Version 12.00
# Visual Studio 15
Project("{FAE04EC0-301F-11D3-BF4B-00C04F79EFBC}") = "Assembly-CSharp", "Assembly-CSharp.csproj", "{A068A8F8-CAF2-BE4A-628C-FE8F20E4D485}"
EndProject
Project("{FAE04EC0-301F-11D3-BF4B-00C04F79EFBC}") = "Oculus.VR", "Oculus.VR.csproj", "{1A13F291-3F7E-816C-510D-D0C101F82F52}"
EndProject
Project("{FAE04EC0-301F-11D3-BF4B-00C04F79EFBC}") = "Assembly-CSharp-firstpass", "Assembly-CSharp-firstpass.csproj", "{65C49281-6A4C-F23C-B5AF-AD3DE748B415}"
EndProject
Project("{FAE04EC0-301F-11D3-BF4B-00C04F79EFBC}") = "Assembly-CSharp-Editor", "Assembly-CSharp-Editor.csproj", "{67D65D54-0A83-5873-25BB-C12C0140A2A1}"
EndProject
Project("{FAE04EC0-301F-11D3-BF4B-00C04F79EFBC}") = "Assembly-CSharp-Editor-firstpass", "Assembly-CSharp-Editor-firstpass.csproj", "{CAA41A27-036D-6B54-C882-78E20B494A69}"
EndProject
Project("{FAE04EC0-301F-11D3-BF4B-00C04F79EFBC}") = "Oculus.VR.Scripts.Editor", "Oculus.VR.Scripts.Editor.csproj", "{F44761E6-5F1E-66C5-2348-4EBC03DE2081}"
EndProject
Project("{FAE04EC0-301F-11D3-BF4B-00C04F79EFBC}") = "Oculus.VR.Editor", "Oculus.VR.Editor.csproj", "{E82BFFFA-055C-EABB-9B1D-61282447C246}"
EndProject
Global
	GlobalSection(SolutionConfigurationPlatforms) = preSolution
		Debug|Any CPU = Debug|Any CPU
		Release|Any CPU = Release|Any CPU
	EndGlobalSection
	GlobalSection(ProjectConfigurationPlatforms) = postSolution
		{A068A8F8-CAF2-BE4A-628C-FE8F20E4D485}.Debug|Any CPU.ActiveCfg = Debug|Any CPU
		{A068A8F8-CAF2-BE4A-628C-FE8F20E4D485}.Debug|Any CPU.Build.0 = Debug|Any CPU
		{A068A8F8-CAF2-BE4A-628C-FE8F20E4D485}.Release|Any CPU.ActiveCfg = Release|Any CPU
		{A068A8F8-CAF2-BE4A-628C-FE8F20E4D485}.Release|Any CPU.Build.0 = Release|Any CPU
		{1A13F291-3F7E-816C-510D-D0C101F82F52}.Debug|Any CPU.ActiveCfg = Debug|Any CPU
		{1A13F291-3F7E-816C-510D-D0C101F82F52}.Debug|Any CPU.Build.0 = Debug|Any CPU
		{1A13F291-3F7E-816C-510D-D0C101F82F52}.Release|Any CPU.ActiveCfg = Release|Any CPU
		{1A13F291-3F7E-816C-510D-D0C101F82F52}.Release|Any CPU.Build.0 = Release|Any CPU
		{65C49281-6A4C-F23C-B5AF-AD3DE748B415}.Debug|Any CPU.ActiveCfg = Debug|Any CPU
		{65C49281-6A4C-F23C-B5AF-AD3DE748B415}.Debug|Any CPU.Build.0 = Debug|Any CPU
		{65C49281-6A4C-F23C-B5AF-AD3DE748B415}.Release|Any CPU.ActiveCfg = Release|Any CPU
		{65C49281-6A4C-F23C-B5AF-AD3DE748B415}.Release|Any CPU.Build.0 = Release|Any CPU
		{67D65D54-0A83-5873-25BB-C12C0140A2A1}.Debug|Any CPU.ActiveCfg = Debug|Any CPU
		{67D65D54-0A83-5873-25BB-C12C0140A2A1}.Debug|Any CPU.Build.0 = Debug|Any CPU
		{67D65D54-0A83-5873-25BB-C12C0140A2A1}.Release|Any CPU.ActiveCfg = Release|Any CPU
		{67D65D54-0A83-5873-25BB-C12C0140A2A1}.Release|Any CPU.Build.0 = Release|Any CPU
		{CAA41A27-036D-6B54-C882-78E20B494A69}.Debug|Any CPU.ActiveCfg = Debug|Any CPU
		{CAA41A27-036D-6B54-C882-78E20B494A69}.Debug|Any CPU.Build.0 = Debug|Any CPU
		{CAA41A27-036D-6B54-C882-78E20B494A69}.Release|Any CPU.ActiveCfg = Release|Any CPU
		{CAA41A27-036D-6B54-C882-78E20B494A69}.Release|Any CPU.Build.0 = Release|Any CPU
		{F44761E6-5F1E-66C5-2348-4EBC03DE2081}.Debug|Any CPU.ActiveCfg = Debug|Any CPU
		{F44761E6-5F1E-66C5-2348-4EBC03DE2081}.Debug|Any CPU.Build.0 = Debug|Any CPU
		{F44761E6-5F1E-66C5-2348-4EBC03DE2081}.Release|Any CPU.ActiveCfg = Release|Any CPU
		{F44761E6-5F1E-66C5-2348-4EBC03DE2081}.Release|Any CPU.Build.0 = Release|Any CPU
		{E82BFFFA-055C-EABB-9B1D-61282447C246}.Debug|Any CPU.ActiveCfg = Debug|Any CPU
		{E82BFFFA-055C-EABB-9B1D-61282447C246}.Debug|Any CPU.Build.0 = Debug|Any CPU
		{E82BFFFA-055C-EABB-9B1D-61282447C246}.Release|Any CPU.ActiveCfg = Release|Any CPU
		{E82BFFFA-055C-EABB-9B1D-61282447C246}.Release|Any CPU.Build.0 = Release|Any CPU
	EndGlobalSection
	GlobalSection(SolutionProperties) = preSolution
		HideSolutionNode = FALSE
	EndGlobalSection
EndGlobal
